
Microsoft Visual Studio Solution File, Format Version 12.00
# Visual Studio Version 16
VisualStudioVersion = 16.0.29519.181
MinimumVisualStudioVersion = 10.0.40219.1
Project("{FAE04EC0-301F-11D3-BF4B-00C04F79EFBC}") = "SortBubble", "SortBubble\SortBubble.csproj", "{DF923E7B-A8BE-409C-8336-80105CA291C0}"
EndProject
Global
	GlobalSection(SolutionConfigurationPlatforms) = preSolution
		Debug|Any CPU = Debug|Any CPU
		Release|Any CPU = Release|Any CPU
	EndGlobalSection
	GlobalSection(ProjectConfigurationPlatforms) = postSolution
		{DF923E7B-A8BE-409C-8336-80105CA291C0}.Debug|Any CPU.ActiveCfg = Debug|Any CPU
		{DF923E7B-A8BE-409C-8336-80105CA291C0}.Debug|Any CPU.Build.0 = Debug|Any CPU
		{DF923E7B-A8BE-409C-8336-80105CA291C0}.Release|Any CPU.ActiveCfg = Release|Any CPU
		{DF923E7B-A8BE-409C-8336-80105CA291C0}.Release|Any CPU.Build.0 = Release|Any CPU
	EndGlobalSection
	GlobalSection(SolutionProperties) = preSolution
		HideSolutionNode = FALSE
	EndGlobalSection
	GlobalSection(ExtensibilityGlobals) = postSolution
		SolutionGuid = {15177B4D-EE9E-4DFD-89FF-1181EEBA77B3}
	EndGlobalSection
EndGlobal
